
Microsoft Visual Studio Solution File, Format Version 12.00
# Visual Studio Version 16
VisualStudioVersion = 16.0.29806.167
MinimumVisualStudioVersion = 10.0.40219.1
Project("{9A19103F-16F7-4668-BE54-9A1E7A4F7556}") = "WebAPI", "WebAPI\WebAPI.csproj", "{10BC68B0-DF3C-491C-A3EB-ADA5A32A0236}"
EndProject
Project("{9A19103F-16F7-4668-BE54-9A1E7A4F7556}") = "Model", "Model\Model.csproj", "{785CCD24-3734-487B-B0DC-EA0B039AD6B2}"
EndProject
Project("{FAE04EC0-301F-11D3-BF4B-00C04F79EFBC}") = "WinUI", "WinUI\WinUI.csproj", "{3B872372-A6E2-4A3A-9154-30B2B9253A7F}"
EndProject
Project("{2150E333-8FDC-42A3-9474-1A3956D46DE8}") = "Mobile", "Mobile", "{7591840C-940A-421F-B191-B396CF85F8DC}"
EndProject
Project("{FAE04EC0-301F-11D3-BF4B-00C04F79EFBC}") = "MobileApp.UWP", "MobileApp\MobileApp.UWP\MobileApp.UWP.csproj", "{53290455-41BB-4AE2-9A14-2E00D6A3DEA6}"
EndProject
Project("{FAE04EC0-301F-11D3-BF4B-00C04F79EFBC}") = "MobileApp.Android", "MobileApp\MobileApp.Android\MobileApp.Android.csproj", "{A7DB9F23-B997-4C95-9D41-53618E38D870}"
EndProject
Project("{FAE04EC0-301F-11D3-BF4B-00C04F79EFBC}") = "MobileApp.iOS", "MobileApp\MobileApp.iOS\MobileApp.iOS.csproj", "{A07D7DF9-C6B1-4D4B-AE16-B23EEEAD13DB}"
EndProject
Project("{9A19103F-16F7-4668-BE54-9A1E7A4F7556}") = "MobileApp", "MobileApp\MobileApp\MobileApp.csproj", "{4A443829-8B85-4471-BFFD-588594223E21}"
EndProject
Global
	GlobalSection(SolutionConfigurationPlatforms) = preSolution
		Debug|Any CPU = Debug|Any CPU
		Debug|ARM = Debug|ARM
		Debug|iPhone = Debug|iPhone
		Debug|iPhoneSimulator = Debug|iPhoneSimulator
		Debug|x64 = Debug|x64
		Debug|x86 = Debug|x86
		Release|Any CPU = Release|Any CPU
		Release|ARM = Release|ARM
		Release|iPhone = Release|iPhone
		Release|iPhoneSimulator = Release|iPhoneSimulator
		Release|x64 = Release|x64
		Release|x86 = Release|x86
	EndGlobalSection
	GlobalSection(ProjectConfigurationPlatforms) = postSolution
		{10BC68B0-DF3C-491C-A3EB-ADA5A32A0236}.Debug|Any CPU.ActiveCfg = Debug|Any CPU
		{10BC68B0-DF3C-491C-A3EB-ADA5A32A0236}.Debug|Any CPU.Build.0 = Debug|Any CPU
		{10BC68B0-DF3C-491C-A3EB-ADA5A32A0236}.Debug|ARM.ActiveCfg = Debug|Any CPU
		{10BC68B0-DF3C-491C-A3EB-ADA5A32A0236}.Debug|ARM.Build.0 = Debug|Any CPU
		{10BC68B0-DF3C-491C-A3EB-ADA5A32A0236}.Debug|iPhone.ActiveCfg = Debug|Any CPU
		{10BC68B0-DF3C-491C-A3EB-ADA5A32A0236}.Debug|iPhone.Build.0 = Debug|Any CPU
		{10BC68B0-DF3C-491C-A3EB-ADA5A32A0236}.Debug|iPhoneSimulator.ActiveCfg = Debug|Any CPU
		{10BC68B0-DF3C-491C-A3EB-ADA5A32A0236}.Debug|iPhoneSimulator.Build.0 = Debug|Any CPU
		{10BC68B0-DF3C-491C-A3EB-ADA5A32A0236}.Debug|x64.ActiveCfg = Debug|Any CPU
		{10BC68B0-DF3C-491C-A3EB-ADA5A32A0236}.Debug|x64.Build.0 = Debug|Any CPU
		{10BC68B0-DF3C-491C-A3EB-ADA5A32A0236}.Debug|x86.ActiveCfg = Debug|Any CPU
		{10BC68B0-DF3C-491C-A3EB-ADA5A32A0236}.Debug|x86.Build.0 = Debug|Any CPU
		{10BC68B0-DF3C-491C-A3EB-ADA5A32A0236}.Release|Any CPU.ActiveCfg = Release|Any CPU
		{10BC68B0-DF3C-491C-A3EB-ADA5A32A0236}.Release|Any CPU.Build.0 = Release|Any CPU
		{10BC68B0-DF3C-491C-A3EB-ADA5A32A0236}.Release|ARM.ActiveCfg = Release|Any CPU
		{10BC68B0-DF3C-491C-A3EB-ADA5A32A0236}.Release|ARM.Build.0 = Release|Any CPU
		{10BC68B0-DF3C-491C-A3EB-ADA5A32A0236}.Release|iPhone.ActiveCfg = Release|Any CPU
		{10BC68B0-DF3C-491C-A3EB-ADA5A32A0236}.Release|iPhone.Build.0 = Release|Any CPU
		{10BC68B0-DF3C-491C-A3EB-ADA5A32A0236}.Release|iPhoneSimulator.ActiveCfg = Release|Any CPU
		{10BC68B0-DF3C-491C-A3EB-ADA5A32A0236}.Release|iPhoneSimulator.Build.0 = Release|Any CPU
		{10BC68B0-DF3C-491C-A3EB-ADA5A32A0236}.Release|x64.ActiveCfg = Release|Any CPU
		{10BC68B0-DF3C-491C-A3EB-ADA5A32A0236}.Release|x64.Build.0 = Release|Any CPU
		{10BC68B0-DF3C-491C-A3EB-ADA5A32A0236}.Release|x86.ActiveCfg = Release|Any CPU
		{10BC68B0-DF3C-491C-A3EB-ADA5A32A0236}.Release|x86.Build.0 = Release|Any CPU
		{785CCD24-3734-487B-B0DC-EA0B039AD6B2}.Debug|Any CPU.ActiveCfg = Debug|Any CPU
		{785CCD24-3734-487B-B0DC-EA0B039AD6B2}.Debug|Any CPU.Build.0 = Debug|Any CPU
		{785CCD24-3734-487B-B0DC-EA0B039AD6B2}.Debug|ARM.ActiveCfg = Debug|Any CPU
		{785CCD24-3734-487B-B0DC-EA0B039AD6B2}.Debug|ARM.Build.0 = Debug|Any CPU
		{785CCD24-3734-487B-B0DC-EA0B039AD6B2}.Debug|iPhone.ActiveCfg = Debug|Any CPU
		{785CCD24-3734-487B-B0DC-EA0B039AD6B2}.Debug|iPhone.Build.0 = Debug|Any CPU
		{785CCD24-3734-487B-B0DC-EA0B039AD6B2}.Debug|iPhoneSimulator.ActiveCfg = Debug|Any CPU
		{785CCD24-3734-487B-B0DC-EA0B039AD6B2}.Debug|iPhoneSimulator.Build.0 = Debug|Any CPU
		{785CCD24-3734-487B-B0DC-EA0B039AD6B2}.Debug|x64.ActiveCfg = Debug|Any CPU
		{785CCD24-3734-487B-B0DC-EA0B039AD6B2}.Debug|x64.Build.0 = Debug|Any CPU
		{785CCD24-3734-487B-B0DC-EA0B039AD6B2}.Debug|x86.ActiveCfg = Debug|Any CPU
		{785CCD24-3734-487B-B0DC-EA0B039AD6B2}.Debug|x86.Build.0 = Debug|Any CPU
		{785CCD24-3734-487B-B0DC-EA0B039AD6B2}.Release|Any CPU.ActiveCfg = Release|Any CPU
		{785CCD24-3734-487B-B0DC-EA0B039AD6B2}.Release|Any CPU.Build.0 = Release|Any CPU
		{785CCD24-3734-487B-B0DC-EA0B039AD6B2}.Release|ARM.ActiveCfg = Release|Any CPU
		{785CCD24-3734-487B-B0DC-EA0B039AD6B2}.Release|ARM.Build.0 = Release|Any CPU
		{785CCD24-3734-487B-B0DC-EA0B039AD6B2}.Release|iPhone.ActiveCfg = Release|Any CPU
		{785CCD24-3734-487B-B0DC-EA0B039AD6B2}.Release|iPhone.Build.0 = Release|Any CPU
		{785CCD24-3734-487B-B0DC-EA0B039AD6B2}.Release|iPhoneSimulator.ActiveCfg = Release|Any CPU
		{785CCD24-3734-487B-B0DC-EA0B039AD6B2}.Release|iPhoneSimulator.Build.0 = Release|Any CPU
		{785CCD24-3734-487B-B0DC-EA0B039AD6B2}.Release|x64.ActiveCfg = Release|Any CPU
		{785CCD24-3734-487B-B0DC-EA0B039AD6B2}.Release|x64.Build.0 = Release|Any CPU
		{785CCD24-3734-487B-B0DC-EA0B039AD6B2}.Release|x86.ActiveCfg = Release|Any CPU
		{785CCD24-3734-487B-B0DC-EA0B039AD6B2}.Release|x86.Build.0 = Release|Any CPU
		{3B872372-A6E2-4A3A-9154-30B2B9253A7F}.Debug|Any CPU.ActiveCfg = Debug|Any CPU
		{3B872372-A6E2-4A3A-9154-30B2B9253A7F}.Debug|Any CPU.Build.0 = Debug|Any CPU
		{3B872372-A6E2-4A3A-9154-30B2B9253A7F}.Debug|ARM.ActiveCfg = Debug|Any CPU
		{3B872372-A6E2-4A3A-9154-30B2B9253A7F}.Debug|ARM.Build.0 = Debug|Any CPU
		{3B872372-A6E2-4A3A-9154-30B2B9253A7F}.Debug|iPhone.ActiveCfg = Debug|Any CPU
		{3B872372-A6E2-4A3A-9154-30B2B9253A7F}.Debug|iPhone.Build.0 = Debug|Any CPU
		{3B872372-A6E2-4A3A-9154-30B2B9253A7F}.Debug|iPhoneSimulator.ActiveCfg = Debug|Any CPU
		{3B872372-A6E2-4A3A-9154-30B2B9253A7F}.Debug|iPhoneSimulator.Build.0 = Debug|Any CPU
		{3B872372-A6E2-4A3A-9154-30B2B9253A7F}.Debug|x64.ActiveCfg = Debug|Any CPU
		{3B872372-A6E2-4A3A-9154-30B2B9253A7F}.Debug|x64.Build.0 = Debug|Any CPU
		{3B872372-A6E2-4A3A-9154-30B2B9253A7F}.Debug|x86.ActiveCfg = Debug|Any CPU
		{3B872372-A6E2-4A3A-9154-30B2B9253A7F}.Debug|x86.Build.0 = Debug|Any CPU
		{3B872372-A6E2-4A3A-9154-30B2B9253A7F}.Release|Any CPU.ActiveCfg = Release|Any CPU
		{3B872372-A6E2-4A3A-9154-30B2B9253A7F}.Release|Any CPU.Build.0 = Release|Any CPU
		{3B872372-A6E2-4A3A-9154-30B2B9253A7F}.Release|ARM.ActiveCfg = Release|Any CPU
		{3B872372-A6E2-4A3A-9154-30B2B9253A7F}.Release|ARM.Build.0 = Release|Any CPU
		{3B872372-A6E2-4A3A-9154-30B2B9253A7F}.Release|iPhone.ActiveCfg = Release|Any CPU
		{3B872372-A6E2-4A3A-9154-30B2B9253A7F}.Release|iPhone.Build.0 = Release|Any CPU
		{3B872372-A6E2-4A3A-9154-30B2B9253A7F}.Release|iPhoneSimulator.ActiveCfg = Release|Any CPU
		{3B872372-A6E2-4A3A-9154-30B2B9253A7F}.Release|iPhoneSimulator.Build.0 = Release|Any CPU
		{3B872372-A6E2-4A3A-9154-30B2B9253A7F}.Release|x64.ActiveCfg = Release|Any CPU
		{3B872372-A6E2-4A3A-9154-30B2B9253A7F}.Release|x64.Build.0 = Release|Any CPU
		{3B872372-A6E2-4A3A-9154-30B2B9253A7F}.Release|x86.ActiveCfg = Release|Any CPU
		{3B872372-A6E2-4A3A-9154-30B2B9253A7F}.Release|x86.Build.0 = Release|Any CPU
		{53290455-41BB-4AE2-9A14-2E00D6A3DEA6}.Debug|Any CPU.ActiveCfg = Debug|x86
		{53290455-41BB-4AE2-9A14-2E00D6A3DEA6}.Debug|Any CPU.Build.0 = Debug|x86
		{53290455-41BB-4AE2-9A14-2E00D6A3DEA6}.Debug|Any CPU.Deploy.0 = Debug|x86
		{53290455-41BB-4AE2-9A14-2E00D6A3DEA6}.Debug|ARM.ActiveCfg = Debug|ARM
		{53290455-41BB-4AE2-9A14-2E00D6A3DEA6}.Debug|ARM.Build.0 = Debug|ARM
		{53290455-41BB-4AE2-9A14-2E00D6A3DEA6}.Debug|ARM.Deploy.0 = Debug|ARM
		{53290455-41BB-4AE2-9A14-2E00D6A3DEA6}.Debug|iPhone.ActiveCfg = Debug|x86
		{53290455-41BB-4AE2-9A14-2E00D6A3DEA6}.Debug|iPhoneSimulator.ActiveCfg = Debug|x86
		{53290455-41BB-4AE2-9A14-2E00D6A3DEA6}.Debug|x64.ActiveCfg = Debug|x64
		{53290455-41BB-4AE2-9A14-2E00D6A3DEA6}.Debug|x64.Build.0 = Debug|x64
		{53290455-41BB-4AE2-9A14-2E00D6A3DEA6}.Debug|x64.Deploy.0 = Debug|x64
		{53290455-41BB-4AE2-9A14-2E00D6A3DEA6}.Debug|x86.ActiveCfg = Debug|x86
		{53290455-41BB-4AE2-9A14-2E00D6A3DEA6}.Debug|x86.Build.0 = Debug|x86
		{53290455-41BB-4AE2-9A14-2E00D6A3DEA6}.Debug|x86.Deploy.0 = Debug|x86
		{53290455-41BB-4AE2-9A14-2E00D6A3DEA6}.Release|Any CPU.ActiveCfg = Release|x86
		{53290455-41BB-4AE2-9A14-2E00D6A3DEA6}.Release|ARM.ActiveCfg = Release|ARM
		{53290455-41BB-4AE2-9A14-2E00D6A3DEA6}.Release|ARM.Build.0 = Release|ARM
		{53290455-41BB-4AE2-9A14-2E00D6A3DEA6}.Release|ARM.Deploy.0 = Release|ARM
		{53290455-41BB-4AE2-9A14-2E00D6A3DEA6}.Release|iPhone.ActiveCfg = Release|x86
		{53290455-41BB-4AE2-9A14-2E00D6A3DEA6}.Release|iPhoneSimulator.ActiveCfg = Release|x86
		{53290455-41BB-4AE2-9A14-2E00D6A3DEA6}.Release|x64.ActiveCfg = Release|x64
		{53290455-41BB-4AE2-9A14-2E00D6A3DEA6}.Release|x64.Build.0 = Release|x64
		{53290455-41BB-4AE2-9A14-2E00D6A3DEA6}.Release|x64.Deploy.0 = Release|x64
		{53290455-41BB-4AE2-9A14-2E00D6A3DEA6}.Release|x86.ActiveCfg = Release|x86
		{53290455-41BB-4AE2-9A14-2E00D6A3DEA6}.Release|x86.Build.0 = Release|x86
		{53290455-41BB-4AE2-9A14-2E00D6A3DEA6}.Release|x86.Deploy.0 = Release|x86
		{A7DB9F23-B997-4C95-9D41-53618E38D870}.Debug|Any CPU.ActiveCfg = Debug|Any CPU
		{A7DB9F23-B997-4C95-9D41-53618E38D870}.Debug|Any CPU.Build.0 = Debug|Any CPU
		{A7DB9F23-B997-4C95-9D41-53618E38D870}.Debug|ARM.ActiveCfg = Debug|Any CPU
		{A7DB9F23-B997-4C95-9D41-53618E38D870}.Debug|ARM.Build.0 = Debug|Any CPU
		{A7DB9F23-B997-4C95-9D41-53618E38D870}.Debug|ARM.Deploy.0 = Debug|Any CPU
		{A7DB9F23-B997-4C95-9D41-53618E38D870}.Debug|iPhone.ActiveCfg = Debug|Any CPU
		{A7DB9F23-B997-4C95-9D41-53618E38D870}.Debug|iPhone.Build.0 = Debug|Any CPU
		{A7DB9F23-B997-4C95-9D41-53618E38D870}.Debug|iPhone.Deploy.0 = Debug|Any CPU
		{A7DB9F23-B997-4C95-9D41-53618E38D870}.Debug|iPhoneSimulator.ActiveCfg = Debug|Any CPU
		{A7DB9F23-B997-4C95-9D41-53618E38D870}.Debug|iPhoneSimulator.Build.0 = Debug|Any CPU
		{A7DB9F23-B997-4C95-9D41-53618E38D870}.Debug|iPhoneSimulator.Deploy.0 = Debug|Any CPU
		{A7DB9F23-B997-4C95-9D41-53618E38D870}.Debug|x64.ActiveCfg = Debug|Any CPU
		{A7DB9F23-B997-4C95-9D41-53618E38D870}.Debug|x64.Build.0 = Debug|Any CPU
		{A7DB9F23-B997-4C95-9D41-53618E38D870}.Debug|x64.Deploy.0 = Debug|Any CPU
		{A7DB9F23-B997-4C95-9D41-53618E38D870}.Debug|x86.ActiveCfg = Debug|Any CPU
		{A7DB9F23-B997-4C95-9D41-53618E38D870}.Debug|x86.Build.0 = Debug|Any CPU
		{A7DB9F23-B997-4C95-9D41-53618E38D870}.Debug|x86.Deploy.0 = Debug|Any CPU
		{A7DB9F23-B997-4C95-9D41-53618E38D870}.Release|Any CPU.ActiveCfg = Release|Any CPU
		{A7DB9F23-B997-4C95-9D41-53618E38D870}.Release|Any CPU.Build.0 = Release|Any CPU
		{A7DB9F23-B997-4C95-9D41-53618E38D870}.Release|Any CPU.Deploy.0 = Release|Any CPU
		{A7DB9F23-B997-4C95-9D41-53618E38D870}.Release|ARM.ActiveCfg = Release|Any CPU
		{A7DB9F23-B997-4C95-9D41-53618E38D870}.Release|ARM.Build.0 = Release|Any CPU
		{A7DB9F23-B997-4C95-9D41-53618E38D870}.Release|ARM.Deploy.0 = Release|Any CPU
		{A7DB9F23-B997-4C95-9D41-53618E38D870}.Release|iPhone.ActiveCfg = Release|Any CPU
		{A7DB9F23-B997-4C95-9D41-53618E38D870}.Release|iPhone.Build.0 = Release|Any CPU
		{A7DB9F23-B997-4C95-9D41-53618E38D870}.Release|iPhone.Deploy.0 = Release|Any CPU
		{A7DB9F23-B997-4C95-9D41-53618E38D870}.Release|iPhoneSimulator.ActiveCfg = Release|Any CPU
		{A7DB9F23-B997-4C95-9D41-53618E38D870}.Release|iPhoneSimulator.Build.0 = Release|Any CPU
		{A7DB9F23-B997-4C95-9D41-53618E38D870}.Release|iPhoneSimulator.Deploy.0 = Release|Any CPU
		{A7DB9F23-B997-4C95-9D41-53618E38D870}.Release|x64.ActiveCfg = Release|Any CPU
		{A7DB9F23-B997-4C95-9D41-53618E38D870}.Release|x64.Build.0 = Release|Any CPU
		{A7DB9F23-B997-4C95-9D41-53618E38D870}.Release|x64.Deploy.0 = Release|Any CPU
		{A7DB9F23-B997-4C95-9D41-53618E38D870}.Release|x86.ActiveCfg = Release|Any CPU
		{A7DB9F23-B997-4C95-9D41-53618E38D870}.Release|x86.Build.0 = Release|Any CPU
		{A7DB9F23-B997-4C95-9D41-53618E38D870}.Release|x86.Deploy.0 = Release|Any CPU
		{A07D7DF9-C6B1-4D4B-AE16-B23EEEAD13DB}.Debug|Any CPU.ActiveCfg = Debug|iPhone
		{A07D7DF9-C6B1-4D4B-AE16-B23EEEAD13DB}.Debug|ARM.ActiveCfg = Debug|iPhone
		{A07D7DF9-C6B1-4D4B-AE16-B23EEEAD13DB}.Debug|iPhone.ActiveCfg = Debug|iPhone
		{A07D7DF9-C6B1-4D4B-AE16-B23EEEAD13DB}.Debug|iPhone.Build.0 = Debug|iPhone
		{A07D7DF9-C6B1-4D4B-AE16-B23EEEAD13DB}.Debug|iPhoneSimulator.ActiveCfg = Debug|iPhoneSimulator
		{A07D7DF9-C6B1-4D4B-AE16-B23EEEAD13DB}.Debug|iPhoneSimulator.Build.0 = Debug|iPhoneSimulator
		{A07D7DF9-C6B1-4D4B-AE16-B23EEEAD13DB}.Debug|x64.ActiveCfg = Debug|iPhone
		{A07D7DF9-C6B1-4D4B-AE16-B23EEEAD13DB}.Debug|x86.ActiveCfg = Debug|iPhone
		{A07D7DF9-C6B1-4D4B-AE16-B23EEEAD13DB}.Release|Any CPU.ActiveCfg = Release|iPhone
		{A07D7DF9-C6B1-4D4B-AE16-B23EEEAD13DB}.Release|ARM.ActiveCfg = Release|iPhone
		{A07D7DF9-C6B1-4D4B-AE16-B23EEEAD13DB}.Release|iPhone.ActiveCfg = Release|iPhone
		{A07D7DF9-C6B1-4D4B-AE16-B23EEEAD13DB}.Release|iPhone.Build.0 = Release|iPhone
		{A07D7DF9-C6B1-4D4B-AE16-B23EEEAD13DB}.Release|iPhoneSimulator.ActiveCfg = Release|iPhoneSimulator
		{A07D7DF9-C6B1-4D4B-AE16-B23EEEAD13DB}.Release|iPhoneSimulator.Build.0 = Release|iPhoneSimulator
		{A07D7DF9-C6B1-4D4B-AE16-B23EEEAD13DB}.Release|x64.ActiveCfg = Release|iPhone
		{A07D7DF9-C6B1-4D4B-AE16-B23EEEAD13DB}.Release|x86.ActiveCfg = Release|iPhone
		{4A443829-8B85-4471-BFFD-588594223E21}.Debug|Any CPU.ActiveCfg = Debug|Any CPU
		{4A443829-8B85-4471-BFFD-588594223E21}.Debug|Any CPU.Build.0 = Debug|Any CPU
		{4A443829-8B85-4471-BFFD-588594223E21}.Debug|ARM.ActiveCfg = Debug|Any CPU
		{4A443829-8B85-4471-BFFD-588594223E21}.Debug|ARM.Build.0 = Debug|Any CPU
		{4A443829-8B85-4471-BFFD-588594223E21}.Debug|iPhone.ActiveCfg = Debug|Any CPU
		{4A443829-8B85-4471-BFFD-588594223E21}.Debug|iPhone.Build.0 = Debug|Any CPU
		{4A443829-8B85-4471-BFFD-588594223E21}.Debug|iPhoneSimulator.ActiveCfg = Debug|Any CPU
		{4A443829-8B85-4471-BFFD-588594223E21}.Debug|iPhoneSimulator.Build.0 = Debug|Any CPU
		{4A443829-8B85-4471-BFFD-588594223E21}.Debug|x64.ActiveCfg = Debug|Any CPU
		{4A443829-8B85-4471-BFFD-588594223E21}.Debug|x64.Build.0 = Debug|Any CPU
		{4A443829-8B85-4471-BFFD-588594223E21}.Debug|x86.ActiveCfg = Debug|Any CPU
		{4A443829-8B85-4471-BFFD-588594223E21}.Debug|x86.Build.0 = Debug|Any CPU
		{4A443829-8B85-4471-BFFD-588594223E21}.Release|Any CPU.ActiveCfg = Release|Any CPU
		{4A443829-8B85-4471-BFFD-588594223E21}.Release|Any CPU.Build.0 = Release|Any CPU
		{4A443829-8B85-4471-BFFD-588594223E21}.Release|ARM.ActiveCfg = Release|Any CPU
		{4A443829-8B85-4471-BFFD-588594223E21}.Release|ARM.Build.0 = Release|Any CPU
		{4A443829-8B85-4471-BFFD-588594223E21}.Release|iPhone.ActiveCfg = Release|Any CPU
		{4A443829-8B85-4471-BFFD-588594223E21}.Release|iPhone.Build.0 = Release|Any CPU
		{4A443829-8B85-4471-BFFD-588594223E21}.Release|iPhoneSimulator.ActiveCfg = Release|Any CPU
		{4A443829-8B85-4471-BFFD-588594223E21}.Release|iPhoneSimulator.Build.0 = Release|Any CPU
		{4A443829-8B85-4471-BFFD-588594223E21}.Release|x64.ActiveCfg = Release|Any CPU
		{4A443829-8B85-4471-BFFD-588594223E21}.Release|x64.Build.0 = Release|Any CPU
		{4A443829-8B85-4471-BFFD-588594223E21}.Release|x86.ActiveCfg = Release|Any CPU
		{4A443829-8B85-4471-BFFD-588594223E21}.Release|x86.Build.0 = Release|Any CPU
	EndGlobalSection
	GlobalSection(SolutionProperties) = preSolution
		HideSolutionNode = FALSE
	EndGlobalSection
	GlobalSection(NestedProjects) = preSolution
		{53290455-41BB-4AE2-9A14-2E00D6A3DEA6} = {7591840C-940A-421F-B191-B396CF85F8DC}
		{A7DB9F23-B997-4C95-9D41-53618E38D870} = {7591840C-940A-421F-B191-B396CF85F8DC}
		{A07D7DF9-C6B1-4D4B-AE16-B23EEEAD13DB} = {7591840C-940A-421F-B191-B396CF85F8DC}
		{4A443829-8B85-4471-BFFD-588594223E21} = {7591840C-940A-421F-B191-B396CF85F8DC}
	EndGlobalSection
	GlobalSection(ExtensibilityGlobals) = postSolution
		SolutionGuid = {5B3B8225-EE00-4788-B5A3-56DE10ABC768}
	EndGlobalSection
EndGlobal
